
Microsoft Visual Studio Solution File, Format Version 12.00
# Visual Studio Version 16
VisualStudioVersion = 16.0.29201.188
MinimumVisualStudioVersion = 10.0.40219.1
Project("{FAE04EC0-301F-11D3-BF4B-00C04F79EFBC}") = "Exercicio1", "Exercicio1\Exercicio1.csproj", "{CFA69CFD-0FD5-40D6-86BC-3A1F03A5E4C3}"
EndProject
Global
	GlobalSection(SolutionConfigurationPlatforms) = preSolution
		Debug|Any CPU = Debug|Any CPU
		Release|Any CPU = Release|Any CPU
	EndGlobalSection
	GlobalSection(ProjectConfigurationPlatforms) = postSolution
		{CFA69CFD-0FD5-40D6-86BC-3A1F03A5E4C3}.Debug|Any CPU.ActiveCfg = Debug|Any CPU
		{CFA69CFD-0FD5-40D6-86BC-3A1F03A5E4C3}.Debug|Any CPU.Build.0 = Debug|Any CPU
		{CFA69CFD-0FD5-40D6-86BC-3A1F03A5E4C3}.Release|Any CPU.ActiveCfg = Release|Any CPU
		{CFA69CFD-0FD5-40D6-86BC-3A1F03A5E4C3}.Release|Any CPU.Build.0 = Release|Any CPU
	EndGlobalSection
	GlobalSection(SolutionProperties) = preSolution
		HideSolutionNode = FALSE
	EndGlobalSection
	GlobalSection(ExtensibilityGlobals) = postSolution
		SolutionGuid = {A829118D-A90C-4083-A1A1-D0155BDC1806}
	EndGlobalSection
EndGlobal
